
Microsoft Visual Studio Solution File, Format Version 12.00
# Visual Studio Version 17
VisualStudioVersion = 17.0.31903.59
MinimumVisualStudioVersion = 10.0.40219.1
Project("{FAE04EC0-301F-11D3-BF4B-00C04F79EFBC}") = "Myproject", "Myproject\Myproject.csproj", "{6A26EDB8-66A6-4577-A258-FC580D5FF893}"
EndProject
Project("{FAE04EC0-301F-11D3-BF4B-00C04F79EFBC}") = "ConsoleApp1", "ConsoleApp1\ConsoleApp1.csproj", "{8F972CC6-29DD-4A09-92A8-C4AAA498F4A9}"
EndProject
Project("{FAE04EC0-301F-11D3-BF4B-00C04F79EFBC}") = "ConsoleApp2", "ConsoleApp2\ConsoleApp2.csproj", "{DC584A27-1D62-48BF-A671-68E7717F71BF}"
EndProject
Project("{FAE04EC0-301F-11D3-BF4B-00C04F79EFBC}") = "ConsoleApp3", "ConsoleApp3\ConsoleApp3.csproj", "{58423396-F8FD-4EF4-AEF4-3C37122780DB}"
EndProject
Global
	GlobalSection(SolutionConfigurationPlatforms) = preSolution
		Debug|Any CPU = Debug|Any CPU
		Debug|x64 = Debug|x64
		Debug|x86 = Debug|x86
		Release|Any CPU = Release|Any CPU
		Release|x64 = Release|x64
		Release|x86 = Release|x86
	EndGlobalSection
	GlobalSection(ProjectConfigurationPlatforms) = postSolution
		{6A26EDB8-66A6-4577-A258-FC580D5FF893}.Debug|Any CPU.ActiveCfg = Debug|Any CPU
		{6A26EDB8-66A6-4577-A258-FC580D5FF893}.Debug|Any CPU.Build.0 = Debug|Any CPU
		{6A26EDB8-66A6-4577-A258-FC580D5FF893}.Debug|x64.ActiveCfg = Debug|Any CPU
		{6A26EDB8-66A6-4577-A258-FC580D5FF893}.Debug|x64.Build.0 = Debug|Any CPU
		{6A26EDB8-66A6-4577-A258-FC580D5FF893}.Debug|x86.ActiveCfg = Debug|Any CPU
		{6A26EDB8-66A6-4577-A258-FC580D5FF893}.Debug|x86.Build.0 = Debug|Any CPU
		{6A26EDB8-66A6-4577-A258-FC580D5FF893}.Release|Any CPU.ActiveCfg = Release|Any CPU
		{6A26EDB8-66A6-4577-A258-FC580D5FF893}.Release|Any CPU.Build.0 = Release|Any CPU
		{6A26EDB8-66A6-4577-A258-FC580D5FF893}.Release|x64.ActiveCfg = Release|Any CPU
		{6A26EDB8-66A6-4577-A258-FC580D5FF893}.Release|x64.Build.0 = Release|Any CPU
		{6A26EDB8-66A6-4577-A258-FC580D5FF893}.Release|x86.ActiveCfg = Release|Any CPU
		{6A26EDB8-66A6-4577-A258-FC580D5FF893}.Release|x86.Build.0 = Release|Any CPU
		{8F972CC6-29DD-4A09-92A8-C4AAA498F4A9}.Debug|Any CPU.ActiveCfg = Debug|Any CPU
		{8F972CC6-29DD-4A09-92A8-C4AAA498F4A9}.Debug|Any CPU.Build.0 = Debug|Any CPU
		{8F972CC6-29DD-4A09-92A8-C4AAA498F4A9}.Debug|x64.ActiveCfg = Debug|Any CPU
		{8F972CC6-29DD-4A09-92A8-C4AAA498F4A9}.Debug|x64.Build.0 = Debug|Any CPU
		{8F972CC6-29DD-4A09-92A8-C4AAA498F4A9}.Debug|x86.ActiveCfg = Debug|Any CPU
		{8F972CC6-29DD-4A09-92A8-C4AAA498F4A9}.Debug|x86.Build.0 = Debug|Any CPU
		{8F972CC6-29DD-4A09-92A8-C4AAA498F4A9}.Release|Any CPU.ActiveCfg = Release|Any CPU
		{8F972CC6-29DD-4A09-92A8-C4AAA498F4A9}.Release|Any CPU.Build.0 = Release|Any CPU
		{8F972CC6-29DD-4A09-92A8-C4AAA498F4A9}.Release|x64.ActiveCfg = Release|Any CPU
		{8F972CC6-29DD-4A09-92A8-C4AAA498F4A9}.Release|x64.Build.0 = Release|Any CPU
		{8F972CC6-29DD-4A09-92A8-C4AAA498F4A9}.Release|x86.ActiveCfg = Release|Any CPU
		{8F972CC6-29DD-4A09-92A8-C4AAA498F4A9}.Release|x86.Build.0 = Release|Any CPU
		{DC584A27-1D62-48BF-A671-68E7717F71BF}.Debug|Any CPU.ActiveCfg = Debug|Any CPU
		{DC584A27-1D62-48BF-A671-68E7717F71BF}.Debug|Any CPU.Build.0 = Debug|Any CPU
		{DC584A27-1D62-48BF-A671-68E7717F71BF}.Debug|x64.ActiveCfg = Debug|Any CPU
		{DC584A27-1D62-48BF-A671-68E7717F71BF}.Debug|x64.Build.0 = Debug|Any CPU
		{DC584A27-1D62-48BF-A671-68E7717F71BF}.Debug|x86.ActiveCfg = Debug|Any CPU
		{DC584A27-1D62-48BF-A671-68E7717F71BF}.Debug|x86.Build.0 = Debug|Any CPU
		{DC584A27-1D62-48BF-A671-68E7717F71BF}.Release|Any CPU.ActiveCfg = Release|Any CPU
		{DC584A27-1D62-48BF-A671-68E7717F71BF}.Release|Any CPU.Build.0 = Release|Any CPU
		{DC584A27-1D62-48BF-A671-68E7717F71BF}.Release|x64.ActiveCfg = Release|Any CPU
		{DC584A27-1D62-48BF-A671-68E7717F71BF}.Release|x64.Build.0 = Release|Any CPU
		{DC584A27-1D62-48BF-A671-68E7717F71BF}.Release|x86.ActiveCfg = Release|Any CPU
		{DC584A27-1D62-48BF-A671-68E7717F71BF}.Release|x86.Build.0 = Release|Any CPU
		{58423396-F8FD-4EF4-AEF4-3C37122780DB}.Debug|Any CPU.ActiveCfg = Debug|Any CPU
		{58423396-F8FD-4EF4-AEF4-3C37122780DB}.Debug|Any CPU.Build.0 = Debug|Any CPU
		{58423396-F8FD-4EF4-AEF4-3C37122780DB}.Debug|x64.ActiveCfg = Debug|Any CPU
		{58423396-F8FD-4EF4-AEF4-3C37122780DB}.Debug|x64.Build.0 = Debug|Any CPU
		{58423396-F8FD-4EF4-AEF4-3C37122780DB}.Debug|x86.ActiveCfg = Debug|Any CPU
		{58423396-F8FD-4EF4-AEF4-3C37122780DB}.Debug|x86.Build.0 = Debug|Any CPU
		{58423396-F8FD-4EF4-AEF4-3C37122780DB}.Release|Any CPU.ActiveCfg = Release|Any CPU
		{58423396-F8FD-4EF4-AEF4-3C37122780DB}.Release|Any CPU.Build.0 = Release|Any CPU
		{58423396-F8FD-4EF4-AEF4-3C37122780DB}.Release|x64.ActiveCfg = Release|Any CPU
		{58423396-F8FD-4EF4-AEF4-3C37122780DB}.Release|x64.Build.0 = Release|Any CPU
		{58423396-F8FD-4EF4-AEF4-3C37122780DB}.Release|x86.ActiveCfg = Release|Any CPU
		{58423396-F8FD-4EF4-AEF4-3C37122780DB}.Release|x86.Build.0 = Release|Any CPU
	EndGlobalSection
	GlobalSection(SolutionProperties) = preSolution
		HideSolutionNode = FALSE
	EndGlobalSection
EndGlobal
